Microsoft Visual Studio Solution File, Format Version 11.00
# Visual Studio 2008

Project("{4C85B612-61AE-B483-6C43-2AC3919EFA4A}") = "Entregable6", "Assembly-CSharp.csproj", "{8296753F-7871-9F2B-1D37-31549B7C80A8}"
EndProject
Global
	GlobalSection(SolutionConfigurationPlatforms) = preSolution
		Debug|Any CPU = Debug|Any CPU
		Release|Any CPU = Release|Any CPU
	EndGlobalSection
	GlobalSection(ProjectConfigurationPlatforms) = postSolution
		{8296753F-7871-9F2B-1D37-31549B7C80A8}.Debug|Any CPU.ActiveCfg = Debug|Any CPU
		{8296753F-7871-9F2B-1D37-31549B7C80A8}.Debug|Any CPU.Build.0 = Debug|Any CPU
		{8296753F-7871-9F2B-1D37-31549B7C80A8}.Release|Any CPU.ActiveCfg = Release|Any CPU
		{8296753F-7871-9F2B-1D37-31549B7C80A8}.Release|Any CPU.Build.0 = Release|Any CPU
	EndGlobalSection
	GlobalSection(SolutionProperties) = preSolution
		HideSolutionNode = FALSE
	EndGlobalSection
	GlobalSection(MonoDevelopProperties) = preSolution
		StartupItem = Assembly-CSharp.csproj
	EndGlobalSection
EndGlobal
